{
  "lockfileVersion": 1,
  "configVersion": 1,
  "workspaces": {
    "": {
      "name": "obsidian-gantt",
      "devDependencies": {
        "@biomejs/biome": "2.4.6",
        "@types/bun": "latest",
        "@typescript/native-preview": "7.0.0-dev.20260326.1",
      },
    },
  },
  "packages": {
    "@biomejs/biome": ["@biomejs/biome@2.4.6", "", { "optionalDependencies": { "@biomejs/cli-darwin-arm64": "2.4.6", "@biomejs/cli-darwin-x64": "2.4.6", "@biomejs/cli-linux-arm64": "2.4.6", "@biomejs/cli-linux-arm64-musl": "2.4.6", "@biomejs/cli-linux-x64": "2.4.6", "@biomejs/cli-linux-x64-musl": "2.4.6", "@biomejs/cli-win32-arm64": "2.4.6", "@biomejs/cli-win32-x64": "2.4.6" }, "bin": { "biome": "bin/biome" } }, "sha512-QnHe81PMslpy3mnpL8DnO2M4S4ZnYPkjlGCLWBZT/3R9M6b5daArWMMtEfP52/n174RKnwRIf3oT8+wc9ihSfQ=="],

    "@biomejs/cli-darwin-arm64": ["@biomejs/cli-darwin-arm64@2.4.6", "", { "os": "darwin", "cpu": "arm64" }, "sha512-NW18GSyxr+8sJIqgoGwVp5Zqm4SALH4b4gftIA0n62PTuBs6G2tHlwNAOj0Vq0KKSs7Sf88VjjmHh0O36EnzrQ=="],

    "@biomejs/cli-darwin-x64": ["@biomejs/cli-darwin-x64@2.4.6", "", { "os": "darwin", "cpu": "x64" }, "sha512-4uiE/9tuI7cnjtY9b07RgS7gGyYOAfIAGeVJWEfeCnAarOAS7qVmuRyX6d7JTKw28/mt+rUzMasYeZ+0R/U1Mw=="],

    "@biomejs/cli-linux-arm64": ["@biomejs/cli-linux-arm64@2.4.6", "", { "os": "linux", "cpu": "arm64" }, "sha512-kMLaI7OF5GN1Q8Doymjro1P8rVEoy7BKQALNz6fiR8IC1WKduoNyteBtJlHT7ASIL0Cx2jR6VUOBIbcB1B8pew=="],

    "@biomejs/cli-linux-arm64-musl": ["@biomejs/cli-linux-arm64-musl@2.4.6", "", { "os": "linux", "cpu": "arm64" }, "sha512-F/JdB7eN22txiTqHM5KhIVt0jVkzZwVYrdTR1O3Y4auBOQcXxHK4dxULf4z43QyZI5tsnQJrRBHZy7wwtL+B3A=="],

    "@biomejs/cli-linux-x64": ["@biomejs/cli-linux-x64@2.4.6", "", { "os": "linux", "cpu": "x64" }, "sha512-oHXmUFEoH8Lql1xfc3QkFLiC1hGR7qedv5eKNlC185or+o4/4HiaU7vYODAH3peRCfsuLr1g6v2fK9dFFOYdyw=="],

    "@biomejs/cli-linux-x64-musl": ["@biomejs/cli-linux-x64-musl@2.4.6", "", { "os": "linux", "cpu": "x64" }, "sha512-C9s98IPDu7DYarjlZNuzJKTjVHN03RUnmHV5htvqsx6vEUXCDSJ59DNwjKVD5XYoSS4N+BYhq3RTBAL8X6svEg=="],

    "@biomejs/cli-win32-arm64": ["@biomejs/cli-win32-arm64@2.4.6", "", { "os": "win32", "cpu": "arm64" }, "sha512-xzThn87Pf3YrOGTEODFGONmqXpTwUNxovQb72iaUOdcw8sBSY3+3WD8Hm9IhMYLnPi0n32s3L3NWU6+eSjfqFg=="],

    "@biomejs/cli-win32-x64": ["@biomejs/cli-win32-x64@2.4.6", "", { "os": "win32", "cpu": "x64" }, "sha512-7++XhnsPlr1HDbor5amovPjOH6vsrFOCdp93iKXhFn6bcMUI6soodj3WWKfgEO6JosKU1W5n3uky3WW9RlRjTg=="],

    "@types/bun": ["@types/bun@1.3.12", "", { "dependencies": { "bun-types": "1.3.12" } }, "sha512-DBv81elK+/VSwXHDlnH3Qduw+KxkTIWi7TXkAeh24zpi5l0B2kUg9Ga3tb4nJaPcOFswflgi/yAvMVBPrxMB+A=="],

    "@types/node": ["@types/node@25.6.0", "", { "dependencies": { "undici-types": "~7.19.0" } }, "sha512-+qIYRKdNYJwY3vRCZMdJbPLJAtGjQBudzZzdzwQYkEPQd+PJGixUL5QfvCLDaULoLv+RhT3LDkwEfKaAkgSmNQ=="],

    "@typescript/native-preview": ["@typescript/native-preview@7.0.0-dev.20260326.1", "", { "optionalDependencies": { "@typescript/native-preview-darwin-arm64": "7.0.0-dev.20260326.1", "@typescript/native-preview-darwin-x64": "7.0.0-dev.20260326.1", "@typescript/native-preview-linux-arm": "7.0.0-dev.20260326.1", "@typescript/native-preview-linux-arm64": "7.0.0-dev.20260326.1", "@typescript/native-preview-linux-x64": "7.0.0-dev.20260326.1", "@typescript/native-preview-win32-arm64": "7.0.0-dev.20260326.1", "@typescript/native-preview-win32-x64": "7.0.0-dev.20260326.1" }, "bin": { "tsgo": "bin/tsgo.js" } }, "sha512-oq2UShxAa+CS4aalhQjntuxuzTv/ud54So3lqfYcJDiQabmpGk/95rGvW5PXi28JIBlZ6AbUL6gEj0gRvIDJcQ=="],

    "@typescript/native-preview-darwin-arm64": ["@typescript/native-preview-darwin-arm64@7.0.0-dev.20260326.1", "", { "os": "darwin", "cpu": "arm64" }, "sha512-eEMQnArhP/9cLOR3kkShEmT2y1dUs/kHLpwOdEHFmkXwJ477V7P0eZEtabsF5xefU9GwF+cMw4cw60ANVGPgeA=="],

    "@typescript/native-preview-darwin-x64": ["@typescript/native-preview-darwin-x64@7.0.0-dev.20260326.1", "", { "os": "darwin", "cpu": "x64" }, "sha512-lUjpUTe95X4pmxIJb354UY/+1/+0Zh3z0J9ekNSWhhWgZpqQQi5rS1C5BfSJbg2aH8OXYVaEFWzxddXc8qeILg=="],

    "@typescript/native-preview-linux-arm": ["@typescript/native-preview-linux-arm@7.0.0-dev.20260326.1", "", { "os": "linux", "cpu": "arm" }, "sha512-w6jrOrAw9kDoFDToECXMEkYByxjK67FNXM96SzpoX0JRB0BwkdvVclKsYeZtiP9naaW0u7lzZdfh/h0Hw6euYw=="],

    "@typescript/native-preview-linux-arm64": ["@typescript/native-preview-linux-arm64@7.0.0-dev.20260326.1", "", { "os": "linux", "cpu": "arm64" }, "sha512-rhqnrDAeC1FhXuXDPQlcMULIvdlzerCc0cXJ16i18waLpZ1nr5ntvzhzzRx7+DvugemTGf2ximX6r/N9HRt+Ow=="],

    "@typescript/native-preview-linux-x64": ["@typescript/native-preview-linux-x64@7.0.0-dev.20260326.1", "", { "os": "linux", "cpu": "x64" }, "sha512-F8aWt0EH8YBE3Xo2KwIcDwA0iiNq9CdV+z5/+tca70CU5HcfGJlY/c6u6UIM9ZYa1IFcykq0HMHv2FE1NAXdcw=="],

    "@typescript/native-preview-win32-arm64": ["@typescript/native-preview-win32-arm64@7.0.0-dev.20260326.1", "", { "os": "win32", "cpu": "arm64" }, "sha512-OQt93BgZbvkqHVYXH56gjQv2ZOchT4FvLwkwS6jei8t5zB2P4EXmnXA/WxMWwjpYNl4HGfEF/yRkPTfhmbODig=="],

    "@typescript/native-preview-win32-x64": ["@typescript/native-preview-win32-x64@7.0.0-dev.20260326.1", "", { "os": "win32", "cpu": "x64" }, "sha512-hfK3cA8+TtFICHwIo898QHd5VjbixEpdL5QcPkq3GtxuRQl7ZJvQj5Fb64fejIpxI3QicwIKgJW1jJDFCPSGsw=="],

    "bun-types": ["bun-types@1.3.12", "", { "dependencies": { "@types/node": "*" } }, "sha512-HqOLj5PoFajAQciOMRiIZGNoKxDJSr6qigAttOX40vJuSp6DN/CxWp9s3C1Xwm4oH7ybueITwiaOcWXoYVoRkA=="],

    "undici-types": ["undici-types@7.19.2", "", {}, "sha512-qYVnV5OEm2AW8cJMCpdV20CDyaN3g0AjDlOGf1OW4iaDEx8MwdtChUp4zu4H0VP3nDRF/8RKWH+IPp9uW0YGZg=="],
  }
}
